
Microsoft Visual Studio Solution File, Format Version 12.00
# Visual Studio Version 16
VisualStudioVersion = 16.0.30404.54
MinimumVisualStudioVersion = 10.0.40219.1
Project("{8BC9CEB8-8B4A-11D0-8D11-00A0C91BC942}") = "二叉树（tree）", "二叉树（tree）\二叉树（tree）.vcxproj", "{00A55960-BEAE-411A-83AD-53ACE559A89C}"
EndProject
Global
	GlobalSection(SolutionConfigurationPlatforms) = preSolution
		Debug|x64 = Debug|x64
		Debug|x86 = Debug|x86
		Release|x64 = Release|x64
		Release|x86 = Release|x86
	EndGlobalSection
	GlobalSection(ProjectConfigurationPlatforms) = postSolution
		{00A55960-BEAE-411A-83AD-53ACE559A89C}.Debug|x64.ActiveCfg = Debug|x64
		{00A55960-BEAE-411A-83AD-53ACE559A89C}.Debug|x64.Build.0 = Debug|x64
		{00A55960-BEAE-411A-83AD-53ACE559A89C}.Debug|x86.ActiveCfg = Debug|Win32
		{00A55960-BEAE-411A-83AD-53ACE559A89C}.Debug|x86.Build.0 = Debug|Win32
		{00A55960-BEAE-411A-83AD-53ACE559A89C}.Release|x64.ActiveCfg = Release|x64
		{00A55960-BEAE-411A-83AD-53ACE559A89C}.Release|x64.Build.0 = Release|x64
		{00A55960-BEAE-411A-83AD-53ACE559A89C}.Release|x86.ActiveCfg = Release|Win32
		{00A55960-BEAE-411A-83AD-53ACE559A89C}.Release|x86.Build.0 = Release|Win32
	EndGlobalSection
	GlobalSection(SolutionProperties) = preSolution
		HideSolutionNode = FALSE
	EndGlobalSection
	GlobalSection(ExtensibilityGlobals) = postSolution
		SolutionGuid = {A7960E70-E018-490C-B099-6D4B1330045D}
	EndGlobalSection
EndGlobal
